<?xml version="1.0" encoding="utf-8"?>
<Project ToolsVersion="4.0" xmlns="http://schemas.microsoft.com/developer/msbuild/2003">
  <ItemGroup>
    <Filter Include="Source Files">
      <UniqueIdentifier>{e3c71abb-c651-48c6-b6b1-b4981d90893e}</UniqueIdentifier>
      <Extensions>cpp;c;cxx;rc;def;r;odl;idl;hpj;bat</Extensions>
    </Filter>
    <Filter Include="Header Files">
      <UniqueIdentifier>{c9ac72b8-8490-4547-be6f-4b42b15dfe0e}</UniqueIdentifier>
      <Extensions>h;hpp;hxx;hm;inl</Extensions>
    </Filter>
    <Filter Include="Resource Files">
      <UniqueIdentifier>{780caa8f-a6a5-493d-aa93-609fb815dcfd}</UniqueIdentifier>
      <Extensions>ico;cur;bmp;dlg;rc2;rct;bin;rgs;gif;jpg;jpeg;jpe</Extensions>
    </Filter>
  </ItemGroup>
  <ItemGroup>
    <ClCompile Include="AntConfigDlg.cpp">
      <Filter>Source Files</Filter>
    </ClCompile>
    <ClCompile Include="CertificationDlg.cpp">
      <Filter>Source Files</Filter>
    </ClCompile>
    <ClCompile Include="EPCGEN2.cpp">
      <Filter>Source Files</Filter>
    </ClCompile>
    <ClCompile Include="FreqPoints.cpp">
      <Filter>Source Files</Filter>
    </ClCompile>
    <ClCompile Include="ISO180006B.cpp">
      <Filter>Source Files</Filter>
    </ClCompile>
    <ClCompile Include="MutiTreeCtrl.cpp">
      <Filter>Source Files</Filter>
    </ClCompile>
    <ClCompile Include="ScanDlg.cpp">
      <Filter>Source Files</Filter>
    </ClCompile>
    <ClCompile Include="StdAfx.cpp">
      <Filter>Source Files</Filter>
    </ClCompile>
    <ClCompile Include="SystemConfig.cpp">
      <Filter>Source Files</Filter>
    </ClCompile>
    <ClCompile Include="UHFReader.cpp">
      <Filter>Source Files</Filter>
    </ClCompile>
    <ClCompile Include="UHFReaderDlg.cpp">
      <Filter>Source Files</Filter>
    </ClCompile>
  </ItemGroup>
  <ItemGroup>
    <ResourceCompile Include="UHFReader.rc">
      <Filter>Source Files</Filter>
    </ResourceCompile>
  </ItemGroup>
  <ItemGroup>
    <ClInclude Include="AntConfigDlg.h">
      <Filter>Header Files</Filter>
    </ClInclude>
    <ClInclude Include="CertificationDlg.h">
      <Filter>Header Files</Filter>
    </ClInclude>
    <ClInclude Include="EPCGEN2.h">
      <Filter>Header Files</Filter>
    </ClInclude>
    <ClInclude Include="FreqPoints.h">
      <Filter>Header Files</Filter>
    </ClInclude>
    <ClInclude Include="ISO180006B.h">
      <Filter>Header Files</Filter>
    </ClInclude>
    <ClInclude Include="MutiTreeCtrl.h">
      <Filter>Header Files</Filter>
    </ClInclude>
    <ClInclude Include="Resource.h">
      <Filter>Header Files</Filter>
    </ClInclude>
    <ClInclude Include="RFID_StandardProtocol.h">
      <Filter>Header Files</Filter>
    </ClInclude>
    <ClInclude Include="ScanDlg.h">
      <Filter>Header Files</Filter>
    </ClInclude>
    <ClInclude Include="StdAfx.h">
      <Filter>Header Files</Filter>
    </ClInclude>
    <ClInclude Include="SystemConfig.h">
      <Filter>Header Files</Filter>
    </ClInclude>
    <ClInclude Include="UHFReader.h">
      <Filter>Header Files</Filter>
    </ClInclude>
    <ClInclude Include="UHFReaderDlg.h">
      <Filter>Header Files</Filter>
    </ClInclude>
  </ItemGroup>
  <ItemGroup>
    <Image Include="res\bitmap1.bmp">
      <Filter>Resource Files</Filter>
    </Image>
    <Image Include="res\bitmap_l.bmp">
      <Filter>Resource Files</Filter>
    </Image>
    <Image Include="res\logo.bmp">
      <Filter>Resource Files</Filter>
    </Image>
    <Image Include="res\NoSingle.bmp">
      <Filter>Resource Files</Filter>
    </Image>
    <Image Include="res\Single.bmp">
      <Filter>Resource Files</Filter>
    </Image>
    <Image Include="res\UHFReader.ico">
      <Filter>Resource Files</Filter>
    </Image>
  </ItemGroup>
  <ItemGroup>
    <None Include="res\UHFReader.rc2">
      <Filter>Resource Files</Filter>
    </None>
  </ItemGroup>
  <ItemGroup>
    <Text Include="ReadMe.txt" />
  </ItemGroup>
</Project>